github.com/klauspost/compress v1.20.0 h1:a3C1ke2ohxFymNlb2HWAHjDeKCI90scRskErZkR0ezA=
github.com/klauspost/compress v1.20.0/go.mod h1:LUdAzn7YLVvxLpc7y3V1m40wESHTgc1422pwwBSKYuI=
github.com/uber/h3-go/v4 v4.5.0 h1:7ruJoHCtYOCyihXfQRsPb4o6CfkhCBtVeZFM7+z1kww=
github.com/uber/h3-go/v4 v4.5.0/go.mod h1:19vfSV5HQsnRZev7V0SPmTkVSZErL7/io8M/nx+++30=
go.uber.org/goleak v1.3.0 h1:2K3zAYmnTNqV73imy9J1T3WC+gmCePx2hEGkimedGto=
go.uber.org/goleak v1.3.0/go.mod h1:CoHD4mav9JJNrW/WLlf7HGZPjdw8EucARQHekz1X6bE=
